
Microsoft Visual Studio Solution File, Format Version 12.00
# Visual Studio 15
VisualStudioVersion = 15.0.28307.329
MinimumVisualStudioVersion = 10.0.40219.1
Project("{FAE04EC0-301F-11D3-BF4B-00C04F79EFBC}") = "myAppbest.Android", "myAppbest\myAppbest.Android\myAppbest.Android.csproj", "{93504D4A-3DBF-4AA8-8C09-B83B852731AE}"
EndProject
Project("{FAE04EC0-301F-11D3-BF4B-00C04F79EFBC}") = "myAppbest.iOS", "myAppbest\myAppbest.iOS\myAppbest.iOS.csproj", "{215DCEA8-7E48-45D3-A039-66FC4339ABFE}"
EndProject
Project("{FAE04EC0-301F-11D3-BF4B-00C04F79EFBC}") = "myAppbest", "myAppbest\myAppbest\myAppbest.csproj", "{5DA0ED83-9A66-41EE-B7C8-91D20B776067}"
EndProject
Global
	GlobalSection(SolutionConfigurationPlatforms) = preSolution
		Ad-Hoc|Any CPU = Ad-Hoc|Any CPU
		Ad-Hoc|iPhone = Ad-Hoc|iPhone
		Ad-Hoc|iPhoneSimulator = Ad-Hoc|iPhoneSimulator
		AppStore|Any CPU = AppStore|Any CPU
		AppStore|iPhone = AppStore|iPhone
		AppStore|iPhoneSimulator = AppStore|iPhoneSimulator
		Debug|Any CPU = Debug|Any CPU
		Debug|iPhone = Debug|iPhone
		Debug|iPhoneSimulator = Debug|iPhoneSimulator
		Release|Any CPU = Release|Any CPU
		Release|iPhone = Release|iPhone
		Release|iPhoneSimulator = Release|iPhoneSimulator
	EndGlobalSection
	GlobalSection(ProjectConfigurationPlatforms) = postSolution
		{93504D4A-3DBF-4AA8-8C09-B83B852731AE}.Ad-Hoc|Any CPU.ActiveCfg = Release|Any CPU
		{93504D4A-3DBF-4AA8-8C09-B83B852731AE}.Ad-Hoc|Any CPU.Build.0 = Release|Any CPU
		{93504D4A-3DBF-4AA8-8C09-B83B852731AE}.Ad-Hoc|Any CPU.Deploy.0 = Release|Any CPU
		{93504D4A-3DBF-4AA8-8C09-B83B852731AE}.Ad-Hoc|iPhone.ActiveCfg = Release|Any CPU
		{93504D4A-3DBF-4AA8-8C09-B83B852731AE}.Ad-Hoc|iPhone.Build.0 = Release|Any CPU
		{93504D4A-3DBF-4AA8-8C09-B83B852731AE}.Ad-Hoc|iPhone.Deploy.0 = Release|Any CPU
		{93504D4A-3DBF-4AA8-8C09-B83B852731AE}.Ad-Hoc|iPhoneSimulator.ActiveCfg = Release|Any CPU
		{93504D4A-3DBF-4AA8-8C09-B83B852731AE}.Ad-Hoc|iPhoneSimulator.Build.0 = Release|Any CPU
		{93504D4A-3DBF-4AA8-8C09-B83B852731AE}.Ad-Hoc|iPhoneSimulator.Deploy.0 = Release|Any CPU
		{93504D4A-3DBF-4AA8-8C09-B83B852731AE}.AppStore|Any CPU.ActiveCfg = Release|Any CPU
		{93504D4A-3DBF-4AA8-8C09-B83B852731AE}.AppStore|Any CPU.Build.0 = Release|Any CPU
		{93504D4A-3DBF-4AA8-8C09-B83B852731AE}.AppStore|Any CPU.Deploy.0 = Release|Any CPU
		{93504D4A-3DBF-4AA8-8C09-B83B852731AE}.AppStore|iPhone.ActiveCfg = Release|Any CPU
		{93504D4A-3DBF-4AA8-8C09-B83B852731AE}.AppStore|iPhone.Build.0 = Release|Any CPU
		{93504D4A-3DBF-4AA8-8C09-B83B852731AE}.AppStore|iPhone.Deploy.0 = Release|Any CPU
		{93504D4A-3DBF-4AA8-8C09-B83B852731AE}.AppStore|iPhoneSimulator.ActiveCfg = Release|Any CPU
		{93504D4A-3DBF-4AA8-8C09-B83B852731AE}.AppStore|iPhoneSimulator.Build.0 = Release|Any CPU
		{93504D4A-3DBF-4AA8-8C09-B83B852731AE}.AppStore|iPhoneSimulator.Deploy.0 = Release|Any CPU
		{93504D4A-3DBF-4AA8-8C09-B83B852731AE}.Debug|Any CPU.ActiveCfg = Debug|Any CPU
		{93504D4A-3DBF-4AA8-8C09-B83B852731AE}.Debug|Any CPU.Build.0 = Debug|Any CPU
		{93504D4A-3DBF-4AA8-8C09-B83B852731AE}.Debug|Any CPU.Deploy.0 = Debug|Any CPU
		{93504D4A-3DBF-4AA8-8C09-B83B852731AE}.Debug|iPhone.ActiveCfg = Debug|Any CPU
		{93504D4A-3DBF-4AA8-8C09-B83B852731AE}.Debug|iPhone.Build.0 = Debug|Any CPU
		{93504D4A-3DBF-4AA8-8C09-B83B852731AE}.Debug|iPhone.Deploy.0 = Debug|Any CPU
		{93504D4A-3DBF-4AA8-8C09-B83B852731AE}.Debug|iPhoneSimulator.ActiveCfg = Debug|Any CPU
		{93504D4A-3DBF-4AA8-8C09-B83B852731AE}.Debug|iPhoneSimulator.Build.0 = Debug|Any CPU
		{93504D4A-3DBF-4AA8-8C09-B83B852731AE}.Debug|iPhoneSimulator.Deploy.0 = Debug|Any CPU
		{93504D4A-3DBF-4AA8-8C09-B83B852731AE}.Release|Any CPU.ActiveCfg = Release|Any CPU
		{93504D4A-3DBF-4AA8-8C09-B83B852731AE}.Release|Any CPU.Build.0 = Release|Any CPU
		{93504D4A-3DBF-4AA8-8C09-B83B852731AE}.Release|Any CPU.Deploy.0 = Release|Any CPU
		{93504D4A-3DBF-4AA8-8C09-B83B852731AE}.Release|iPhone.ActiveCfg = Release|Any CPU
		{93504D4A-3DBF-4AA8-8C09-B83B852731AE}.Release|iPhone.Build.0 = Release|Any CPU
		{93504D4A-3DBF-4AA8-8C09-B83B852731AE}.Release|iPhone.Deploy.0 = Release|Any CPU
		{93504D4A-3DBF-4AA8-8C09-B83B852731AE}.Release|iPhoneSimulator.ActiveCfg = Release|Any CPU
		{93504D4A-3DBF-4AA8-8C09-B83B852731AE}.Release|iPhoneSimulator.Build.0 = Release|Any CPU
		{93504D4A-3DBF-4AA8-8C09-B83B852731AE}.Release|iPhoneSimulator.Deploy.0 = Release|Any CPU
		{215DCEA8-7E48-45D3-A039-66FC4339ABFE}.Ad-Hoc|Any CPU.ActiveCfg = Ad-Hoc|iPhone
		{215DCEA8-7E48-45D3-A039-66FC4339ABFE}.Ad-Hoc|Any CPU.Build.0 = Ad-Hoc|iPhone
		{215DCEA8-7E48-45D3-A039-66FC4339ABFE}.Ad-Hoc|Any CPU.Deploy.0 = Ad-Hoc|iPhone
		{215DCEA8-7E48-45D3-A039-66FC4339ABFE}.Ad-Hoc|iPhone.ActiveCfg = Ad-Hoc|iPhone
		{215DCEA8-7E48-45D3-A039-66FC4339ABFE}.Ad-Hoc|iPhone.Build.0 = Ad-Hoc|iPhone
		{215DCEA8-7E48-45D3-A039-66FC4339ABFE}.Ad-Hoc|iPhone.Deploy.0 = Ad-Hoc|iPhone
		{215DCEA8-7E48-45D3-A039-66FC4339ABFE}.Ad-Hoc|iPhoneSimulator.ActiveCfg = Ad-Hoc|iPhoneSimulator
		{215DCEA8-7E48-45D3-A039-66FC4339ABFE}.Ad-Hoc|iPhoneSimulator.Build.0 = Ad-Hoc|iPhoneSimulator
		{215DCEA8-7E48-45D3-A039-66FC4339ABFE}.Ad-Hoc|iPhoneSimulator.Deploy.0 = Ad-Hoc|iPhoneSimulator
		{215DCEA8-7E48-45D3-A039-66FC4339ABFE}.AppStore|Any CPU.ActiveCfg = AppStore|iPhone
		{215DCEA8-7E48-45D3-A039-66FC4339ABFE}.AppStore|Any CPU.Build.0 = AppStore|iPhone
		{215DCEA8-7E48-45D3-A039-66FC4339ABFE}.AppStore|Any CPU.Deploy.0 = AppStore|iPhone
		{215DCEA8-7E48-45D3-A039-66FC4339ABFE}.AppStore|iPhone.ActiveCfg = AppStore|iPhone
		{215DCEA8-7E48-45D3-A039-66FC4339ABFE}.AppStore|iPhone.Build.0 = AppStore|iPhone
		{215DCEA8-7E48-45D3-A039-66FC4339ABFE}.AppStore|iPhone.Deploy.0 = AppStore|iPhone
		{215DCEA8-7E48-45D3-A039-66FC4339ABFE}.AppStore|iPhoneSimulator.ActiveCfg = AppStore|iPhoneSimulator
		{215DCEA8-7E48-45D3-A039-66FC4339ABFE}.AppStore|iPhoneSimulator.Build.0 = AppStore|iPhoneSimulator
		{215DCEA8-7E48-45D3-A039-66FC4339ABFE}.AppStore|iPhoneSimulator.Deploy.0 = AppStore|iPhoneSimulator
		{215DCEA8-7E48-45D3-A039-66FC4339ABFE}.Debug|Any CPU.ActiveCfg = Debug|iPhoneSimulator
		{215DCEA8-7E48-45D3-A039-66FC4339ABFE}.Debug|Any CPU.Build.0 = Debug|iPhoneSimulator
		{215DCEA8-7E48-45D3-A039-66FC4339ABFE}.Debug|Any CPU.Deploy.0 = Debug|iPhoneSimulator
		{215DCEA8-7E48-45D3-A039-66FC4339ABFE}.Debug|iPhone.ActiveCfg = Debug|iPhone
		{215DCEA8-7E48-45D3-A039-66FC4339ABFE}.Debug|iPhone.Build.0 = Debug|iPhone
		{215DCEA8-7E48-45D3-A039-66FC4339ABFE}.Debug|iPhone.Deploy.0 = Debug|iPhone
		{215DCEA8-7E48-45D3-A039-66FC4339ABFE}.Debug|iPhoneSimulator.ActiveCfg = Debug|iPhoneSimulator
		{215DCEA8-7E48-45D3-A039-66FC4339ABFE}.Debug|iPhoneSimulator.Build.0 = Debug|iPhoneSimulator
		{215DCEA8-7E48-45D3-A039-66FC4339ABFE}.Debug|iPhoneSimulator.Deploy.0 = Debug|iPhoneSimulator
		{215DCEA8-7E48-45D3-A039-66FC4339ABFE}.Release|Any CPU.ActiveCfg = Release|iPhone
		{215DCEA8-7E48-45D3-A039-66FC4339ABFE}.Release|Any CPU.Build.0 = Release|iPhone
		{215DCEA8-7E48-45D3-A039-66FC4339ABFE}.Release|Any CPU.Deploy.0 = Release|iPhone
		{215DCEA8-7E48-45D3-A039-66FC4339ABFE}.Release|iPhone.ActiveCfg = Release|iPhone
		{215DCEA8-7E48-45D3-A039-66FC4339ABFE}.Release|iPhone.Build.0 = Release|iPhone
		{215DCEA8-7E48-45D3-A039-66FC4339ABFE}.Release|iPhone.Deploy.0 = Release|iPhone
		{215DCEA8-7E48-45D3-A039-66FC4339ABFE}.Release|iPhoneSimulator.ActiveCfg = Release|iPhoneSimulator
		{215DCEA8-7E48-45D3-A039-66FC4339ABFE}.Release|iPhoneSimulator.Build.0 = Release|iPhoneSimulator
		{215DCEA8-7E48-45D3-A039-66FC4339ABFE}.Release|iPhoneSimulator.Deploy.0 = Release|iPhoneSimulator
		{5DA0ED83-9A66-41EE-B7C8-91D20B776067}.Ad-Hoc|Any CPU.ActiveCfg = Debug|Any CPU
		{5DA0ED83-9A66-41EE-B7C8-91D20B776067}.Ad-Hoc|Any CPU.Build.0 = Debug|Any CPU
		{5DA0ED83-9A66-41EE-B7C8-91D20B776067}.Ad-Hoc|Any CPU.Deploy.0 = Debug|Any CPU
		{5DA0ED83-9A66-41EE-B7C8-91D20B776067}.Ad-Hoc|iPhone.ActiveCfg = Debug|Any CPU
		{5DA0ED83-9A66-41EE-B7C8-91D20B776067}.Ad-Hoc|iPhone.Build.0 = Debug|Any CPU
		{5DA0ED83-9A66-41EE-B7C8-91D20B776067}.Ad-Hoc|iPhone.Deploy.0 = Debug|Any CPU
		{5DA0ED83-9A66-41EE-B7C8-91D20B776067}.Ad-Hoc|iPhoneSimulator.ActiveCfg = Debug|Any CPU
		{5DA0ED83-9A66-41EE-B7C8-91D20B776067}.Ad-Hoc|iPhoneSimulator.Build.0 = Debug|Any CPU
		{5DA0ED83-9A66-41EE-B7C8-91D20B776067}.Ad-Hoc|iPhoneSimulator.Deploy.0 = Debug|Any CPU
		{5DA0ED83-9A66-41EE-B7C8-91D20B776067}.AppStore|Any CPU.ActiveCfg = Debug|Any CPU
		{5DA0ED83-9A66-41EE-B7C8-91D20B776067}.AppStore|Any CPU.Build.0 = Debug|Any CPU
		{5DA0ED83-9A66-41EE-B7C8-91D20B776067}.AppStore|Any CPU.Deploy.0 = Debug|Any CPU
		{5DA0ED83-9A66-41EE-B7C8-91D20B776067}.AppStore|iPhone.ActiveCfg = Debug|Any CPU
		{5DA0ED83-9A66-41EE-B7C8-91D20B776067}.AppStore|iPhone.Build.0 = Debug|Any CPU
		{5DA0ED83-9A66-41EE-B7C8-91D20B776067}.AppStore|iPhone.Deploy.0 = Debug|Any CPU
		{5DA0ED83-9A66-41EE-B7C8-91D20B776067}.AppStore|iPhoneSimulator.ActiveCfg = Debug|Any CPU
		{5DA0ED83-9A66-41EE-B7C8-91D20B776067}.AppStore|iPhoneSimulator.Build.0 = Debug|Any CPU
		{5DA0ED83-9A66-41EE-B7C8-91D20B776067}.AppStore|iPhoneSimulator.Deploy.0 = Debug|Any CPU
		{5DA0ED83-9A66-41EE-B7C8-91D20B776067}.Debug|Any CPU.ActiveCfg = Debug|Any CPU
		{5DA0ED83-9A66-41EE-B7C8-91D20B776067}.Debug|Any CPU.Build.0 = Debug|Any CPU
		{5DA0ED83-9A66-41EE-B7C8-91D20B776067}.Debug|Any CPU.Deploy.0 = Debug|Any CPU
		{5DA0ED83-9A66-41EE-B7C8-91D20B776067}.Debug|iPhone.ActiveCfg = Debug|Any CPU
		{5DA0ED83-9A66-41EE-B7C8-91D20B776067}.Debug|iPhone.Build.0 = Debug|Any CPU
		{5DA0ED83-9A66-41EE-B7C8-91D20B776067}.Debug|iPhone.Deploy.0 = Debug|Any CPU
		{5DA0ED83-9A66-41EE-B7C8-91D20B776067}.Debug|iPhoneSimulator.ActiveCfg = Debug|Any CPU
		{5DA0ED83-9A66-41EE-B7C8-91D20B776067}.Debug|iPhoneSimulator.Build.0 = Debug|Any CPU
		{5DA0ED83-9A66-41EE-B7C8-91D20B776067}.Debug|iPhoneSimulator.Deploy.0 = Debug|Any CPU
		{5DA0ED83-9A66-41EE-B7C8-91D20B776067}.Release|Any CPU.ActiveCfg = Release|Any CPU
		{5DA0ED83-9A66-41EE-B7C8-91D20B776067}.Release|Any CPU.Build.0 = Release|Any CPU
		{5DA0ED83-9A66-41EE-B7C8-91D20B776067}.Release|Any CPU.Deploy.0 = Release|Any CPU
		{5DA0ED83-9A66-41EE-B7C8-91D20B776067}.Release|iPhone.ActiveCfg = Release|Any CPU
		{5DA0ED83-9A66-41EE-B7C8-91D20B776067}.Release|iPhone.Build.0 = Release|Any CPU
		{5DA0ED83-9A66-41EE-B7C8-91D20B776067}.Release|iPhone.Deploy.0 = Release|Any CPU
		{5DA0ED83-9A66-41EE-B7C8-91D20B776067}.Release|iPhoneSimulator.ActiveCfg = Release|Any CPU
		{5DA0ED83-9A66-41EE-B7C8-91D20B776067}.Release|iPhoneSimulator.Build.0 = Release|Any CPU
		{5DA0ED83-9A66-41EE-B7C8-91D20B776067}.Release|iPhoneSimulator.Deploy.0 = Release|Any CPU
	EndGlobalSection
	GlobalSection(SolutionProperties) = preSolution
		HideSolutionNode = FALSE
	EndGlobalSection
	GlobalSection(ExtensibilityGlobals) = postSolution
		SolutionGuid = {649ABD55-B9D9-4060-BDCD-D7464CA1F1CB}
	EndGlobalSection
EndGlobal
